
Microsoft Visual Studio Solution File, Format Version 12.00
# Visual Studio Version 17
VisualStudioVersion = 17.0.31903.59
MinimumVisualStudioVersion = 10.0.40219.1
Project("{2150E333-8FDC-42A3-9474-1A3956D46DE8}") = "src", "src", "{827E0CD3-B72D-47B6-A68D-7590B98EB39B}"
EndProject
Project("{2150E333-8FDC-42A3-9474-1A3956D46DE8}") = "Backend", "Backend", "{FE360695-3F2B-1049-3887-35FBB5135923}"
EndProject
Project("{FAE04EC0-301F-11D3-BF4B-00C04F79EFBC}") = "KanbanBoard.Api", "src\Backend\KanbanBoard.Api\KanbanBoard.Api.csproj", "{8D586CE7-A252-46BA-985F-168D91D3D07E}"
EndProject
Project("{FAE04EC0-301F-11D3-BF4B-00C04F79EFBC}") = "KanbanBoard.Tests", "src\Backend\KanbanBoard.Tests\KanbanBoard.Tests.csproj", "{FE2C8BAE-4951-4C41-95E4-4DA51449F02F}"
EndProject
Global
	GlobalSection(SolutionConfigurationPlatforms) = preSolution
		Debug|Any CPU = Debug|Any CPU
		Debug|x64 = Debug|x64
		Debug|x86 = Debug|x86
		Release|Any CPU = Release|Any CPU
		Release|x64 = Release|x64
		Release|x86 = Release|x86
	EndGlobalSection
	GlobalSection(ProjectConfigurationPlatforms) = postSolution
		{8D586CE7-A252-46BA-985F-168D91D3D07E}.Debug|Any CPU.ActiveCfg = Debug|Any CPU
		{8D586CE7-A252-46BA-985F-168D91D3D07E}.Debug|Any CPU.Build.0 = Debug|Any CPU
		{8D586CE7-A252-46BA-985F-168D91D3D07E}.Debug|x64.ActiveCfg = Debug|Any CPU
		{8D586CE7-A252-46BA-985F-168D91D3D07E}.Debug|x64.Build.0 = Debug|Any CPU
		{8D586CE7-A252-46BA-985F-168D91D3D07E}.Debug|x86.ActiveCfg = Debug|Any CPU
		{8D586CE7-A252-46BA-985F-168D91D3D07E}.Debug|x86.Build.0 = Debug|Any CPU
		{8D586CE7-A252-46BA-985F-168D91D3D07E}.Release|Any CPU.ActiveCfg = Release|Any CPU
		{8D586CE7-A252-46BA-985F-168D91D3D07E}.Release|Any CPU.Build.0 = Release|Any CPU
		{8D586CE7-A252-46BA-985F-168D91D3D07E}.Release|x64.ActiveCfg = Release|Any CPU
		{8D586CE7-A252-46BA-985F-168D91D3D07E}.Release|x64.Build.0 = Release|Any CPU
		{8D586CE7-A252-46BA-985F-168D91D3D07E}.Release|x86.ActiveCfg = Release|Any CPU
		{8D586CE7-A252-46BA-985F-168D91D3D07E}.Release|x86.Build.0 = Release|Any CPU
		{FE2C8BAE-4951-4C41-95E4-4DA51449F02F}.Debug|Any CPU.ActiveCfg = Debug|Any CPU
		{FE2C8BAE-4951-4C41-95E4-4DA51449F02F}.Debug|Any CPU.Build.0 = Debug|Any CPU
		{FE2C8BAE-4951-4C41-95E4-4DA51449F02F}.Debug|x64.ActiveCfg = Debug|Any CPU
		{FE2C8BAE-4951-4C41-95E4-4DA51449F02F}.Debug|x64.Build.0 = Debug|Any CPU
		{FE2C8BAE-4951-4C41-95E4-4DA51449F02F}.Debug|x86.ActiveCfg = Debug|Any CPU
		{FE2C8BAE-4951-4C41-95E4-4DA51449F02F}.Debug|x86.Build.0 = Debug|Any CPU
		{FE2C8BAE-4951-4C41-95E4-4DA51449F02F}.Release|Any CPU.ActiveCfg = Release|Any CPU
		{FE2C8BAE-4951-4C41-95E4-4DA51449F02F}.Release|Any CPU.Build.0 = Release|Any CPU
		{FE2C8BAE-4951-4C41-95E4-4DA51449F02F}.Release|x64.ActiveCfg = Release|Any CPU
		{FE2C8BAE-4951-4C41-95E4-4DA51449F02F}.Release|x64.Build.0 = Release|Any CPU
		{FE2C8BAE-4951-4C41-95E4-4DA51449F02F}.Release|x86.ActiveCfg = Release|Any CPU
		{FE2C8BAE-4951-4C41-95E4-4DA51449F02F}.Release|x86.Build.0 = Release|Any CPU
	EndGlobalSection
	GlobalSection(SolutionProperties) = preSolution
		HideSolutionNode = FALSE
	EndGlobalSection
	GlobalSection(NestedProjects) = preSolution
		{FE360695-3F2B-1049-3887-35FBB5135923} = {827E0CD3-B72D-47B6-A68D-7590B98EB39B}
		{8D586CE7-A252-46BA-985F-168D91D3D07E} = {FE360695-3F2B-1049-3887-35FBB5135923}
		{FE2C8BAE-4951-4C41-95E4-4DA51449F02F} = {FE360695-3F2B-1049-3887-35FBB5135923}
	EndGlobalSection
EndGlobal
